
Microsoft Visual Studio Solution File, Format Version 12.00
# Visual Studio Version 17
VisualStudioVersion = 17.7.34031.279
MinimumVisualStudioVersion = 10.0.40219.1
Project("{FAE04EC0-301F-11D3-BF4B-00C04F79EFBC}") = "Menu_matematic", "Menu_matematic\Menu_matematic.csproj", "{DB6A79C3-EBE0-4FD6-B824-26D31BEEE5C7}"
EndProject
Global
	GlobalSection(SolutionConfigurationPlatforms) = preSolution
		Debug|Any CPU = Debug|Any CPU
		Release|Any CPU = Release|Any CPU
	EndGlobalSection
	GlobalSection(ProjectConfigurationPlatforms) = postSolution
		{DB6A79C3-EBE0-4FD6-B824-26D31BEEE5C7}.Debug|Any CPU.ActiveCfg = Debug|Any CPU
		{DB6A79C3-EBE0-4FD6-B824-26D31BEEE5C7}.Debug|Any CPU.Build.0 = Debug|Any CPU
		{DB6A79C3-EBE0-4FD6-B824-26D31BEEE5C7}.Release|Any CPU.ActiveCfg = Release|Any CPU
		{DB6A79C3-EBE0-4FD6-B824-26D31BEEE5C7}.Release|Any CPU.Build.0 = Release|Any CPU
	EndGlobalSection
	GlobalSection(SolutionProperties) = preSolution
		HideSolutionNode = FALSE
	EndGlobalSection
	GlobalSection(ExtensibilityGlobals) = postSolution
		SolutionGuid = {1C9119B6-1A7B-42AB-B8CA-8D211BAA5CFC}
	EndGlobalSection
EndGlobal
